{
  "name": "plataforma-versia-daniel-augusto",
  "version": "0.0.1",
  "lockfileVersion": 3,
  "requires": true,
  "packages": {
    "": {
      "name": "plataforma-versia-daniel-augusto",
      "version": "0.0.1",
      "dependencies": {
        "lucide-react": "0.487.0",
        "next": "15.5.11",
        "react": "18.3.1",
        "react-dom": "18.3.1",
        "tw-animate-css": "1.3.8"
      },
      "devDependencies": {
        "@tailwindcss/postcss": "4.1.12",
        "@types/node": "22.10.5",
        "@types/react": "18.3.18",
        "@types/react-dom": "18.3.5",
        "tailwindcss": "4.1.12",
        "typescript": "5.7.3"
      }
    }
  }
}
